
Microsoft Visual Studio Solution File, Format Version 12.00
# Visual Studio Version 17
VisualStudioVersion = 17.11.35222.181
MinimumVisualStudioVersion = 10.0.40219.1
Project("{FAE04EC0-301F-11D3-BF4B-00C04F79EFBC}") = "WinFormsMultiLogProcApp1", "WinFormsMultiLogProcApp1.csproj", "{1F5D717A-B566-4FCD-824E-57ED0A200471}"
EndProject
Global
	GlobalSection(SolutionConfigurationPlatforms) = preSolution
		Debug|Any CPU = Debug|Any CPU
		Release|Any CPU = Release|Any CPU
	EndGlobalSection
	GlobalSection(ProjectConfigurationPlatforms) = postSolution
		{1F5D717A-B566-4FCD-824E-57ED0A200471}.Debug|Any CPU.ActiveCfg = Debug|Any CPU
		{1F5D717A-B566-4FCD-824E-57ED0A200471}.Debug|Any CPU.Build.0 = Debug|Any CPU
		{1F5D717A-B566-4FCD-824E-57ED0A200471}.Release|Any CPU.ActiveCfg = Release|Any CPU
		{1F5D717A-B566-4FCD-824E-57ED0A200471}.Release|Any CPU.Build.0 = Release|Any CPU
	EndGlobalSection
	GlobalSection(SolutionProperties) = preSolution
		HideSolutionNode = FALSE
	EndGlobalSection
	GlobalSection(ExtensibilityGlobals) = postSolution
		SolutionGuid = {C5552F6C-69BF-4BC6-A192-DE143E2EED34}
	EndGlobalSection
EndGlobal
